
Microsoft Visual Studio Solution File, Format Version 12.00
# Visual Studio Version 16
VisualStudioVersion = 16.0.30011.22
MinimumVisualStudioVersion = 10.0.40219.1
Project("{9A19103F-16F7-4668-BE54-9A1E7A4F7556}") = "My.WebApp.Core", "My.WebApp.Core\My.WebApp.Core.csproj", "{37E0D956-46BA-4810-8A32-7658832AD45F}"
EndProject
Project("{9A19103F-16F7-4668-BE54-9A1E7A4F7556}") = "My.Tax.UnitTests", "My.Tax.UnitTests\My.Tax.UnitTests.csproj", "{374D3635-5870-4B3F-A28B-EB8C958D9FA9}"
EndProject
Project("{FAE04EC0-301F-11D3-BF4B-00C04F79EFBC}") = "Rabbit.Consumer.Mongo", "Rabbit.Consumer.ForMongo\Rabbit.Consumer.Mongo.csproj", "{4FAE7B3E-10AF-4F77-ACCF-E32E3FBCD926}"
EndProject
Global
	GlobalSection(SolutionConfigurationPlatforms) = preSolution
		Debug|Any CPU = Debug|Any CPU
		Release|Any CPU = Release|Any CPU
	EndGlobalSection
	GlobalSection(ProjectConfigurationPlatforms) = postSolution
		{37E0D956-46BA-4810-8A32-7658832AD45F}.Debug|Any CPU.ActiveCfg = Debug|Any CPU
		{37E0D956-46BA-4810-8A32-7658832AD45F}.Debug|Any CPU.Build.0 = Debug|Any CPU
		{37E0D956-46BA-4810-8A32-7658832AD45F}.Release|Any CPU.ActiveCfg = Release|Any CPU
		{37E0D956-46BA-4810-8A32-7658832AD45F}.Release|Any CPU.Build.0 = Release|Any CPU
		{374D3635-5870-4B3F-A28B-EB8C958D9FA9}.Debug|Any CPU.ActiveCfg = Debug|Any CPU
		{374D3635-5870-4B3F-A28B-EB8C958D9FA9}.Debug|Any CPU.Build.0 = Debug|Any CPU
		{374D3635-5870-4B3F-A28B-EB8C958D9FA9}.Release|Any CPU.ActiveCfg = Release|Any CPU
		{374D3635-5870-4B3F-A28B-EB8C958D9FA9}.Release|Any CPU.Build.0 = Release|Any CPU
		{4FAE7B3E-10AF-4F77-ACCF-E32E3FBCD926}.Debug|Any CPU.ActiveCfg = Debug|Any CPU
		{4FAE7B3E-10AF-4F77-ACCF-E32E3FBCD926}.Debug|Any CPU.Build.0 = Debug|Any CPU
		{4FAE7B3E-10AF-4F77-ACCF-E32E3FBCD926}.Release|Any CPU.ActiveCfg = Release|Any CPU
		{4FAE7B3E-10AF-4F77-ACCF-E32E3FBCD926}.Release|Any CPU.Build.0 = Release|Any CPU
	EndGlobalSection
	GlobalSection(SolutionProperties) = preSolution
		HideSolutionNode = FALSE
	EndGlobalSection
	GlobalSection(ExtensibilityGlobals) = postSolution
		SolutionGuid = {B1F7DB58-AF6F-4ECE-9806-AA979D500D96}
	EndGlobalSection
EndGlobal
